{
  "name": "vscode-stack-beautifier",
  "version": "1.0.0",
  "lockfileVersion": 1,
  "requires": true,
  "dependencies": {
    "@types/node": {
      "version": "10.12.9",
      "resolved": "https://registry.npmjs.org/@types/node/-/node-10.12.9.tgz",
      "integrity": "sha512-eajkMXG812/w3w4a1OcBlaTwsFPO5F7fJ/amy+tieQxEMWBlbV1JGSjkFM+zkHNf81Cad+dfIRA+IBkvmvdAeA=="
    },
    "commander": {
      "version": "2.9.0",
      "resolved": "http://registry.npmjs.org/commander/-/commander-2.9.0.tgz",
      "integrity": "sha1-nJkJQXbhIkDLItbFFGCYQA/g99Q=",
      "requires": {
        "graceful-readlink": ">= 1.0.0"
      }
    },
    "graceful-readlink": {
      "version": "1.0.1",
      "resolved": "https://registry.npmjs.org/graceful-readlink/-/graceful-readlink-1.0.1.tgz",
      "integrity": "sha1-TK+tdrxi8C+gObL5Tpo906ORpyU="
    },
    "source-map": {
      "version": "0.5.6",
      "resolved": "http://registry.npmjs.org/source-map/-/source-map-0.5.6.tgz",
      "integrity": "sha1-dc449SvwczxafwwRjYEzSiu19BI="
    },
    "stack-beautifier": {
      "version": "1.0.2",
      "resolved": "https://registry.npmjs.org/stack-beautifier/-/stack-beautifier-1.0.2.tgz",
      "integrity": "sha512-3VLJG4/LsCweDf04n/wrP97GytPFY6c0Mtm3am4lGEvCoSoyDscZt2lH4eq8huCtE136s1yNC6vMoZRlK0TDXw==",
      "requires": {
        "commander": "2.9.0",
        "source-map": "0.5.6"
      }
    }
  }
}
